
Microsoft Visual Studio Solution File, Format Version 12.00
# Visual Studio Version 16
VisualStudioVersion = 16.0.31702.278
MinimumVisualStudioVersion = 10.0.40219.1
Project("{FAE04EC0-301F-11D3-BF4B-00C04F79EFBC}") = "oop-lesson-4-parking", "oop-lesson-4-parking\oop-lesson-4-parking.csproj", "{6F52400A-BADC-44D1-B8BC-766F4A8E75D7}"
EndProject
Global
	GlobalSection(SolutionConfigurationPlatforms) = preSolution
		Debug|Any CPU = Debug|Any CPU
		Release|Any CPU = Release|Any CPU
	EndGlobalSection
	GlobalSection(ProjectConfigurationPlatforms) = postSolution
		{6F52400A-BADC-44D1-B8BC-766F4A8E75D7}.Debug|Any CPU.ActiveCfg = Debug|Any CPU
		{6F52400A-BADC-44D1-B8BC-766F4A8E75D7}.Debug|Any CPU.Build.0 = Debug|Any CPU
		{6F52400A-BADC-44D1-B8BC-766F4A8E75D7}.Release|Any CPU.ActiveCfg = Release|Any CPU
		{6F52400A-BADC-44D1-B8BC-766F4A8E75D7}.Release|Any CPU.Build.0 = Release|Any CPU
	EndGlobalSection
	GlobalSection(SolutionProperties) = preSolution
		HideSolutionNode = FALSE
	EndGlobalSection
	GlobalSection(ExtensibilityGlobals) = postSolution
		SolutionGuid = {574367C9-4D8A-49AE-BE47-69808C150396}
	EndGlobalSection
EndGlobal
